// !$*UTF8*$!
{
	archiveVersion = 1;
	classes = {
	};
	objectVersion = 46;
	objects = {

/* Begin PBXBuildFile section */
		7D786EDC1B69CCFB0047FDB6 /* main.m in Sources */ = {isa = PBXBuildFile; fileRef = 7D786EDB1B69CCFB0047FDB6 /* main.m */; };
		7D786EDF1B69CCFB0047FDB6 /* AppDelegate.m in Sources */ = {isa = PBXBuildFile; fileRef = 7D786EDE1B69CCFB0047FDB6 /* AppDelegate.m */; };
		7D786EE21B69CCFB0047FDB6 /* ViewController.m in Sources */ = {isa = PBXBuildFile; fileRef = 7D786EE11B69CCFB0047FDB6 /* ViewController.m */; };
		7D786EE51B69CCFC0047FDB6 /* Main.storyboard in Resources */ = {isa = PBXBuildFile; fileRef = 7D786EE31B69CCFC0047FDB6 /* Main.storyboard */; };
		7D786EE71B69CCFC0047FDB6 /* Images.xcassets in Resources */ = {isa = PBXBuildFile; fileRef = 7D786EE61B69CCFC0047FDB6 /* Images.xcassets */; };
		7D786EEA1B69CCFC0047FDB6 /* LaunchScreen.xib in Resources */ = {isa = PBXBuildFile; fileRef = 7D786EE81B69CCFC0047FDB6 /* LaunchScreen.xib */; };
		7D786EF61B69CCFC0047FDB6 /* textDeleteTests.m in Sources */ = {isa = PBXBuildFile; fileRef = 7D786EF51B69CCFC0047FDB6 /* textDeleteTests.m */; };
		7D786F001B69D6690047FDB6 /* shibai_144.png in Resources */ = {isa = PBXBuildFile; fileRef = 7D786EFF1B69D6690047FDB6 /* shibai_144.png */; };
/* End PBXBuildFile section */

/* Begin PBXContainerItemProxy section */
		7D786EF01B69CCFC0047FDB6 /* PBXContainerItemProxy */ = {
			isa = PBXContainerItemProxy;
			containerPortal = 7D786ECE1B69CCFB0047FDB6 /* Project object */;
			proxyType = 1;
			remoteGlobalIDString = 7D786ED51B69CCFB0047FDB6;
			remoteInfo = textDelete;
		};
/* End PBXContainerItemProxy section */

/* Begin PBXFileReference section */
		7D786ED61B69CCFB0047FDB6 /* textDelete.app */ = {isa = PBXFileReference; explicitFileType = wrapper.application; includeInIndex = 0; path = textDelete.app; sourceTree = BUILT_PRODUCTS_DIR; };
		7D786EDA1B69CCFB0047FDB6 /* Info.plist */ = {isa = PBXFileReference; lastKnownFileType = text.plist.xml; path = Info.plist; sourceTree = "<group>"; };
		7D786EDB1B69CCFB0047FDB6 /* main.m */ = {isa = PBXFileReference; lastKnownFileType = sourcecode.c.objc; path = main.m; sourceTree = "<group>"; };
		7D786EDD1B69CCFB0047FDB6 /* AppDelegate.h */ = {isa = PBXFileReference; lastKnownFileType = sourcecode.c.h; path = AppDelegate.h; sourceTree = "<group>"; };
		7D786EDE1B69CCFB0047FDB6 /* AppDelegate.m */ = {isa = PBXFileReference; lastKnownFileType = sourcecode.c.objc; path = AppDelegate.m; sourceTree = "<group>"; };
		7D786EE01B69CCFB0047FDB6 /* ViewController.h */ = {isa = PBXFileReference; lastKnownFileType = sourcecode.c.h; path = ViewController.h; sourceTree = "<group>"; };
		7D786EE11B69CCFB0047FDB6 /* ViewController.m */ = {isa = PBXFileReference; lastKnownFileType = sourcecode.c.objc; path = ViewController.m; sourceTree = "<group>"; };
		7D786EE41B69CCFC0047FDB6 /* Base */ = {isa = PBXFileReference; lastKnownFileType = file.storyboard; name = Base; path = Base.lproj/Main.storyboard; sourceTree = "<group>"; };
		7D786EE61B69CCFC0047FDB6 /* Images.xcassets */ = {isa = PBXFileReference; lastKnownFileType = folder.assetcatalog; path = Images.xcassets; sourceTree = "<group>"; };
		7D786EE91B69CCFC0047FDB6 /* Base */ = {isa = PBXFileReference; lastKnownFileType = file.xib; name = Base; path = Base.lproj/LaunchScreen.xib; sourceTree = "<group>"; };
		7D786EEF1B69CCFC0047FDB6 /* textDeleteTests.xctest */ = {isa = PBXFileReference; explicitFileType = wrapper.cfbundle; includeInIndex = 0; path = textDeleteTests.xctest; sourceTree = BUILT_PRODUCTS_DIR; };
		7D786EF41B69CCFC0047FDB6 /* Info.plist */ = {isa = PBXFileReference; lastKnownFileType = text.plist.xml; path = Info.plist; sourceTree = "<group>"; };
		7D786EF51B69CCFC0047FDB6 /* textDeleteTests.m */ = {isa = PBXFileReference; lastKnownFileType = sourcecode.c.objc; path = textDeleteTests.m; sourceTree = "<group>"; };
		7D786EFF1B69D6690047FDB6 /* shibai_144.png */ = {isa = PBXFileReference; lastKnownFileType = image.png; path = shibai_144.png; sourceTree = "<group>"; };
/* End PBXFileReference section */

/* Begin PBXFrameworksBuildPhase section */
		7D786ED31B69CCFB0047FDB6 /* Frameworks */ = {
			isa = PBXFrameworksBuildPhase;
			buildActionMask = 2147483647;
			files = (
			);
			runOnlyForDeploymentPostprocessing = 0;
		};
		7D786EEC1B69CCFC0047FDB6 /* Frameworks */ = {
			isa = PBXFrameworksBuildPhase;
			buildActionMask = 2147483647;
			files = (
			);
			runOnlyForDeploymentPostprocessing = 0;
		};
/* End PBXFrameworksBuildPhase section */

/* Begin PBXGroup section */
		7D786ECD1B69CCFB0047FDB6 = {
			isa = PBXGroup;
			children = (
				7D786ED81B69CCFB0047FDB6 /* textDelete */,
				7D786EF21B69CCFC0047FDB6 /* textDeleteTests */,
				7D786ED71B69CCFB0047FDB6 /* Products */,
			);
			sourceTree = "<group>";
		};
		7D786ED71B69CCFB0047FDB6 /* Products */ = {
			isa = PBXGroup;
			children = (
				7D786ED61B69CCFB0047FDB6 /* textDelete.app */,
				7D786EEF1B69CCFC0047FDB6 /* textDeleteTests.xctest */,
			);
			name = Products;
			sourceTree = "<group>";
		};
		7D786ED81B69CCFB0047FDB6 /* textDelete */ = {
			isa = PBXGroup;
			children = (
				7D786EFF1B69D6690047FDB6 /* shibai_144.png */,
				7D786EDD1B69CCFB0047FDB6 /* AppDelegate.h */,
				7D786EDE1B69CCFB0047FDB6 /* AppDelegate.m */,
				7D786EE01B69CCFB0047FDB6 /* ViewController.h */,
				7D786EE11B69CCFB0047FDB6 /* ViewController.m */,
				7D786EE31B69CCFC0047FDB6 /* Main.storyboard */,
				7D786EE61B69CCFC0047FDB6 /* Images.xcassets */,
				7D786EE81B69CCFC0047FDB6 /* LaunchScreen.xib */,
				7D786ED91B69CCFB0047FDB6 /* Supporting Files */,
			);
			path = textDelete;
			sourceTree = "<group>";
		};
		7D786ED91B69CCFB0047FDB6 /* Supporting Files */ = {
			isa = PBXGroup;
			children = (
				7D786EDA1B69CCFB0047FDB6 /* Info.plist */,
				7D786EDB1B69CCFB0047FDB6 /* main.m */,
			);
			name = "Supporting Files";
			sourceTree = "<group>";
		};
		7D786EF21B69CCFC0047FDB6 /* textDeleteTests */ = {
			isa = PBXGroup;
			children = (
				7D786EF51B69CCFC0047FDB6 /* textDeleteTests.m */,
				7D786EF31B69CCFC0047FDB6 /* Supporting Files */,
			);
			path = textDeleteTests;
			sourceTree = "<group>";
		};
		7D786EF31B69CCFC0047FDB6 /* Supporting Files */ = {
			isa = PBXGroup;
			children = (
				7D786EF41B69CCFC0047FDB6 /* Info.plist */,
			);
			name = "Supporting Files";
			sourceTree = "<group>";
		};
/* End PBXGroup section */

/* Begin PBXNativeTarget section */
		7D786ED51B69CCFB0047FDB6 /* textDelete */ = {
			isa = PBXNativeTarget;
			buildConfigurationList = 7D786EF91B69CCFC0047FDB6 /* Build configuration list for PBXNativeTarget "textDelete" */;
			buildPhases = (
				7D786ED21B69CCFB0047FDB6 /* Sources */,
				7D786ED31B69CCFB0047FDB6 /* Frameworks */,
				7D786ED41B69CCFB0047FDB6 /* Resources */,
			);
			buildRules = (
			);
			dependencies = (
			);
			name = textDelete;
			productName = textDelete;
			productReference = 7D786ED61B69CCFB0047FDB6 /* textDelete.app */;
			productType = "com.apple.product-type.application";
		};
		7D786EEE1B69CCFC0047FDB6 /* textDeleteTests */ = {
			isa = PBXNativeTarget;
			buildConfigurationList = 7D786EFC1B69CCFC0047FDB6 /* Build configuration list for PBXNativeTarget "textDeleteTests" */;
			buildPhases = (
				7D786EEB1B69CCFC0047FDB6 /* Sources */,
				7D786EEC1B69CCFC0047FDB6 /* Frameworks */,
				7D786EED1B69CCFC0047FDB6 /* Resources */,
			);
			buildRules = (
			);
			dependencies = (
				7D786EF11B69CCFC0047FDB6 /* PBXTargetDependency */,
			);
			name = textDeleteTests;
			productName = textDeleteTests;
			productReference = 7D786EEF1B69CCFC0047FDB6 /* textDeleteTests.xctest */;
			productType = "com.apple.product-type.bundle.unit-test";
		};
/* End PBXNativeTarget section */

/* Begin PBXProject section */
		7D786ECE1B69CCFB0047FDB6 /* Project object */ = {
			isa = PBXProject;
			attributes = {
				LastUpgradeCheck = 0640;
				ORGANIZATIONNAME = Linjiasong_Mac;
				TargetAttributes = {
					7D786ED51B69CCFB0047FDB6 = {
						CreatedOnToolsVersion = 6.4;
					};
					7D786EEE1B69CCFC0047FDB6 = {
						CreatedOnToolsVersion = 6.4;
						TestTargetID = 7D786ED51B69CCFB0047FDB6;
					};
				};
			};
			buildConfigurationList = 7D786ED11B69CCFB0047FDB6 /* Build configuration list for PBXProject "textDelete" */;
			compatibilityVersion = "Xcode 3.2";
			developmentRegion = English;
			hasScannedForEncodings = 0;
			knownRegions = (
				en,
				Base,
			);
			mainGroup = 7D786ECD1B69CCFB0047FDB6;
			productRefGroup = 7D786ED71B69CCFB0047FDB6 /* Products */;
			projectDirPath = "";
			projectRoot = "";
			targets = (
				7D786ED51B69CCFB0047FDB6 /* textDelete */,
				7D786EEE1B69CCFC0047FDB6 /* textDeleteTests */,
			);
		};
/* End PBXProject section */

/* Begin PBXResourcesBuildPhase section */
		7D786ED41B69CCFB0047FDB6 /* Resources */ = {
			isa = PBXResourcesBuildPhase;
			buildActionMask = 2147483647;
			files = (
				7D786EE51B69CCFC0047FDB6 /* Main.storyboard in Resources */,
				7D786F001B69D6690047FDB6 /* shibai_144.png in Resources */,
				7D786EEA1B69CCFC0047FDB6 /* LaunchScreen.xib in Resources */,
				7D786EE71B69CCFC0047FDB6 /* Images.xcassets in Resources */,
			);
			runOnlyForDeploymentPostprocessing = 0;
		};
		7D786EED1B69CCFC0047FDB6 /* Resources */ = {
			isa = PBXResourcesBuildPhase;
			buildActionMask = 2147483647;
			files = (
			);
			runOnlyForDeploymentPostprocessing = 0;
		};
/* End PBXResourcesBuildPhase section */

/* Begin PBXSourcesBuildPhase section */
		7D786ED21B69CCFB0047FDB6 /* Sources */ = {
			isa = PBXSourcesBuildPhase;
			buildActionMask = 2147483647;
			files = (
				7D786EE21B69CCFB0047FDB6 /* ViewController.m in Sources */,
				7D786EDF1B69CCFB0047FDB6 /* AppDelegate.m in Sources */,
				7D786EDC1B69CCFB0047FDB6 /* main.m in Sources */,
			);
			runOnlyForDeploymentPostprocessing = 0;
		};
		7D786EEB1B69CCFC0047FDB6 /* Sources */ = {
			isa = PBXSourcesBuildPhase;
			buildActionMask = 2147483647;
			files = (
				7D786EF61B69CCFC0047FDB6 /* textDeleteTests.m in Sources */,
			);
			runOnlyForDeploymentPostprocessing = 0;
		};
/* End PBXSourcesBuildPhase section */

/* Begin PBXTargetDependency section */
		7D786EF11B69CCFC0047FDB6 /* PBXTargetDependency */ = {
			isa = PBXTargetDependency;
			target = 7D786ED51B69CCFB0047FDB6 /* textDelete */;
			targetProxy = 7D786EF01B69CCFC0047FDB6 /* PBXContainerItemProxy */;
		};
/* End PBXTargetDependency section */

/* Begin PBXVariantGroup section */
		7D786EE31B69CCFC0047FDB6 /* Main.storyboard */ = {
			isa = PBXVariantGroup;
			children = (
				7D786EE41B69CCFC0047FDB6 /* Base */,
			);
			name = Main.storyboard;
			sourceTree = "<group>";
		};
		7D786EE81B69CCFC0047FDB6 /* LaunchScreen.xib */ = {
			isa = PBXVariantGroup;
			children = (
				7D786EE91B69CCFC0047FDB6 /* Base */,
			);
			name = LaunchScreen.xib;
			sourceTree = "<group>";
		};
/* End PBXVariantGroup section */

/* Begin XCBuildConfiguration section */
		7D786EF71B69CCFC0047FDB6 /* Debug */ = {
			isa = XCBuildConfiguration;
			buildSettings = {
				ALWAYS_SEARCH_USER_PATHS = NO;
				CLANG_CXX_LANGUAGE_STANDARD = "gnu++0x";
				CLANG_CXX_LIBRARY = "libc++";
				CLANG_ENABLE_MODULES = YES;
				CLANG_ENABLE_OBJC_ARC = YES;
				CLANG_WARN_BOOL_CONVERSION = YES;
				CLANG_WARN_CONSTANT_CONVERSION = YES;
				CLANG_WARN_DIRECT_OBJC_ISA_USAGE = YES_ERROR;
				CLANG_WARN_EMPTY_BODY = YES;
				CLANG_WARN_ENUM_CONVERSION = YES;
				CLANG_WARN_INT_CONVERSION = YES;
				CLANG_WARN_OBJC_ROOT_CLASS = YES_ERROR;
				CLANG_WARN_UNREACHABLE_CODE = YES;
				CLANG_WARN__DUPLICATE_METHOD_MATCH = YES;
				"CODE_SIGN_IDENTITY[sdk=iphoneos*]" = "iPhone Developer";
				COPY_PHASE_STRIP = NO;
				DEBUG_INFORMATION_FORMAT = "dwarf-with-dsym";
				ENABLE_STRICT_OBJC_MSGSEND = YES;
				GCC_C_LANGUAGE_STANDARD = gnu99;
				GCC_DYNAMIC_NO_PIC = NO;
				GCC_NO_COMMON_BLOCKS = YES;
				GCC_OPTIMIZATION_LEVEL = 0;
				GCC_PREPROCESSOR_DEFINITIONS = (
					"DEBUG=1",
					"$(inherited)",
				);
				GCC_SYMBOLS_PRIVATE_EXTERN = NO;
				GCC_WARN_64_TO_32_BIT_CONVERSION = YES;
				GCC_WARN_ABOUT_RETURN_TYPE = YES_ERROR;
				GCC_WARN_UNDECLARED_SELECTOR = YES;
				GCC_WARN_UNINITIALIZED_AUTOS = YES_AGGRESSIVE;
				GCC_WARN_UNUSED_FUNCTION = YES;
				GCC_WARN_UNUSED_VARIABLE = YES;
				IPHONEOS_DEPLOYMENT_TARGET = 8.4;
				MTL_ENABLE_DEBUG_INFO = YES;
				ONLY_ACTIVE_ARCH = YES;
				SDKROOT = iphoneos;
			};
			name = Debug;
		};
		7D786EF81B69CCFC0047FDB6 /* Release */ = {
			isa = XCBuildConfiguration;
			buildSettings = {
				ALWAYS_SEARCH_USER_PATHS = NO;
				CLANG_CXX_LANGUAGE_STANDARD = "gnu++0x";
				CLANG_CXX_LIBRARY = "libc++";
				CLANG_ENABLE_MODULES = YES;
				CLANG_ENABLE_OBJC_ARC = YES;
				CLANG_WARN_BOOL_CONVERSION = YES;
				CLANG_WARN_CONSTANT_CONVERSION = YES;
				CLANG_WARN_DIRECT_OBJC_ISA_USAGE = YES_ERROR;
				CLANG_WARN_EMPTY_BODY = YES;
				CLANG_WARN_ENUM_CONVERSION = YES;
				CLANG_WARN_INT_CONVERSION = YES;
				CLANG_WARN_OBJC_ROOT_CLASS = YES_ERROR;
				CLANG_WARN_UNREACHABLE_CODE = YES;
				CLANG_WARN__DUPLICATE_METHOD_MATCH = YES;
				"CODE_SIGN_IDENTITY[sdk=iphoneos*]" = "iPhone Developer";
				COPY_PHASE_STRIP = NO;
				DEBUG_INFORMATION_FORMAT = "dwarf-with-dsym";
				ENABLE_NS_ASSERTIONS = NO;
				ENABLE_STRICT_OBJC_MSGSEND = YES;
				GCC_C_LANGUAGE_STANDARD = gnu99;
				GCC_NO_COMMON_BLOCKS = YES;
				GCC_WARN_64_TO_32_BIT_CONVERSION = YES;
				GCC_WARN_ABOUT_RETURN_TYPE = YES_ERROR;
				GCC_WARN_UNDECLARED_SELECTOR = YES;
				GCC_WARN_UNINITIALIZED_AUTOS = YES_AGGRESSIVE;
				GCC_WARN_UNUSED_FUNCTION = YES;
				GCC_WARN_UNUSED_VARIABLE = YES;
				IPHONEOS_DEPLOYMENT_TARGET = 8.4;
				MTL_ENABLE_DEBUG_INFO = NO;
				SDKROOT = iphoneos;
				VALIDATE_PRODUCT = YES;
			};
			name = Release;
		};
		7D786EFA1B69CCFC0047FDB6 /* Debug */ = {
			isa = XCBuildConfiguration;
			buildSettings = {
				ASSETCATALOG_COMPILER_APPICON_NAME = AppIcon;
				INFOPLIST_FILE = textDelete/Info.plist;
				LD_RUNPATH_SEARCH_PATHS = "$(inherited) @executable_path/Frameworks";
				PRODUCT_NAME = "$(TARGET_NAME)";
			};
			name = Debug;
		};
		7D786EFB1B69CCFC0047FDB6 /* Release */ = {
			isa = XCBuildConfiguration;
			buildSettings = {
				ASSETCATALOG_COMPILER_APPICON_NAME = AppIcon;
				INFOPLIST_FILE = textDelete/Info.plist;
				LD_RUNPATH_SEARCH_PATHS = "$(inherited) @executable_path/Frameworks";
				PRODUCT_NAME = "$(TARGET_NAME)";
			};
			name = Release;
		};
		7D786EFD1B69CCFC0047FDB6 /* Debug */ = {
			isa = XCBuildConfiguration;
			buildSettings = {
				BUNDLE_LOADER = "$(TEST_HOST)";
				FRAMEWORK_SEARCH_PATHS = (
					"$(SDKROOT)/Developer/Library/Frameworks",
					"$(inherited)",
				);
				GCC_PREPROCESSOR_DEFINITIONS = (
					"DEBUG=1",
					"$(inherited)",
				);
				INFOPLIST_FILE = textDeleteTests/Info.plist;
				LD_RUNPATH_SEARCH_PATHS = "$(inherited) @executable_path/Frameworks @loader_path/Frameworks";
				PRODUCT_NAME = "$(TARGET_NAME)";
				TEST_HOST = "$(BUILT_PRODUCTS_DIR)/textDelete.app/textDelete";
			};
			name = Debug;
		};
		7D786EFE1B69CCFC0047FDB6 /* Release */ = {
			isa = XCBuildConfiguration;
			buildSettings = {
				BUNDLE_LOADER = "$(TEST_HOST)";
				FRAMEWORK_SEARCH_PATHS = (
					"$(SDKROOT)/Developer/Library/Frameworks",
					"$(inherited)",
				);
				INFOPLIST_FILE = textDeleteTests/Info.plist;
				LD_RUNPATH_SEARCH_PATHS = "$(inherited) @executable_path/Frameworks @loader_path/Frameworks";
				PRODUCT_NAME = "$(TARGET_NAME)";
				TEST_HOST = "$(BUILT_PRODUCTS_DIR)/textDelete.app/textDelete";
			};
			name = Release;
		};
/* End XCBuildConfiguration section */

/* Begin XCConfigurationList section */
		7D786ED11B69CCFB0047FDB6 /* Build configuration list for PBXProject "textDelete" */ = {
			isa = XCConfigurationList;
			buildConfigurations = (
				7D786EF71B69CCFC0047FDB6 /* Debug */,
				7D786EF81B69CCFC0047FDB6 /* Release */,
			);
			defaultConfigurationIsVisible = 0;
			defaultConfigurationName = Release;
		};
		7D786EF91B69CCFC0047FDB6 /* Build configuration list for PBXNativeTarget "textDelete" */ = {
			isa = XCConfigurationList;
			buildConfigurations = (
				7D786EFA1B69CCFC0047FDB6 /* Debug */,
				7D786EFB1B69CCFC0047FDB6 /* Release */,
			);
			defaultConfigurationIsVisible = 0;
			defaultConfigurationName = Release;
		};
		7D786EFC1B69CCFC0047FDB6 /* Build configuration list for PBXNativeTarget "textDeleteTests" */ = {
			isa = XCConfigurationList;
			buildConfigurations = (
				7D786EFD1B69CCFC0047FDB6 /* Debug */,
				7D786EFE1B69CCFC0047FDB6 /* Release */,
			);
			defaultConfigurationIsVisible = 0;
			defaultConfigurationName = Release;
		};
/* End XCConfigurationList section */
	};
	rootObject = 7D786ECE1B69CCFB0047FDB6 /* Project object */;
}
